
Microsoft Visual Studio Solution File, Format Version 12.00
# Visual Studio 2012
Project("{FAE04EC0-301F-11D3-BF4B-00C04F79EFBC}") = "LivrariaTDD.View", "LivrariaTDD.View\LivrariaTDD.View.csproj", "{B0E5E622-BAF5-4F2A-8ECC-51B42AB1B21C}"
EndProject
Project("{FAE04EC0-301F-11D3-BF4B-00C04F79EFBC}") = "LivrariaTDD.ViewTests", "LivrariaTDD.ViewTests\LivrariaTDD.ViewTests.csproj", "{099FFFD7-F772-4671-814E-9275319BE3F6}"
EndProject
Global
	GlobalSection(SolutionConfigurationPlatforms) = preSolution
		Debug|Any CPU = Debug|Any CPU
		Release|Any CPU = Release|Any CPU
	EndGlobalSection
	GlobalSection(ProjectConfigurationPlatforms) = postSolution
		{B0E5E622-BAF5-4F2A-8ECC-51B42AB1B21C}.Debug|Any CPU.ActiveCfg = Debug|Any CPU
		{B0E5E622-BAF5-4F2A-8ECC-51B42AB1B21C}.Debug|Any CPU.Build.0 = Debug|Any CPU
		{B0E5E622-BAF5-4F2A-8ECC-51B42AB1B21C}.Release|Any CPU.ActiveCfg = Release|Any CPU
		{B0E5E622-BAF5-4F2A-8ECC-51B42AB1B21C}.Release|Any CPU.Build.0 = Release|Any CPU
		{099FFFD7-F772-4671-814E-9275319BE3F6}.Debug|Any CPU.ActiveCfg = Debug|Any CPU
		{099FFFD7-F772-4671-814E-9275319BE3F6}.Debug|Any CPU.Build.0 = Debug|Any CPU
		{099FFFD7-F772-4671-814E-9275319BE3F6}.Release|Any CPU.ActiveCfg = Release|Any CPU
		{099FFFD7-F772-4671-814E-9275319BE3F6}.Release|Any CPU.Build.0 = Release|Any CPU
	EndGlobalSection
	GlobalSection(SolutionProperties) = preSolution
		HideSolutionNode = FALSE
	EndGlobalSection
EndGlobal
