
Microsoft Visual Studio Solution File, Format Version 12.00
# Visual Studio 2012
Project("{FAE04EC0-301F-11D3-BF4B-00C04F79EFBC}") = "TesteDI", "TesteDI\TesteDI.csproj", "{FE3A2810-906C-4C19-9DE5-EE8D3AA9B311}"
EndProject
Project("{FAE04EC0-301F-11D3-BF4B-00C04F79EFBC}") = "TesteDI.Tests", "TesteDI.Tests\TesteDI.Tests.csproj", "{AF85718C-D204-4C6B-A52F-DBEE75D69734}"
EndProject
Global
	GlobalSection(SolutionConfigurationPlatforms) = preSolution
		Debug|Any CPU = Debug|Any CPU
		Release|Any CPU = Release|Any CPU
	EndGlobalSection
	GlobalSection(ProjectConfigurationPlatforms) = postSolution
		{FE3A2810-906C-4C19-9DE5-EE8D3AA9B311}.Debug|Any CPU.ActiveCfg = Debug|Any CPU
		{FE3A2810-906C-4C19-9DE5-EE8D3AA9B311}.Debug|Any CPU.Build.0 = Debug|Any CPU
		{FE3A2810-906C-4C19-9DE5-EE8D3AA9B311}.Release|Any CPU.ActiveCfg = Release|Any CPU
		{FE3A2810-906C-4C19-9DE5-EE8D3AA9B311}.Release|Any CPU.Build.0 = Release|Any CPU
		{AF85718C-D204-4C6B-A52F-DBEE75D69734}.Debug|Any CPU.ActiveCfg = Debug|Any CPU
		{AF85718C-D204-4C6B-A52F-DBEE75D69734}.Debug|Any CPU.Build.0 = Debug|Any CPU
		{AF85718C-D204-4C6B-A52F-DBEE75D69734}.Release|Any CPU.ActiveCfg = Release|Any CPU
		{AF85718C-D204-4C6B-A52F-DBEE75D69734}.Release|Any CPU.Build.0 = Release|Any CPU
	EndGlobalSection
	GlobalSection(SolutionProperties) = preSolution
		HideSolutionNode = FALSE
	EndGlobalSection
EndGlobal
